
Microsoft Visual Studio Solution File, Format Version 12.00
# Visual Studio Version 16
VisualStudioVersion = 16.0.32126.315
MinimumVisualStudioVersion = 10.0.40219.1
Project("{8BC9CEB8-8B4A-11D0-8D11-00A0C91BC942}") = "DigDat", "DigDat.vcxproj", "{842FD99B-19E7-4842-B377-CBC3BCD069BC}"
EndProject
Global
	GlobalSection(SolutionConfigurationPlatforms) = preSolution
		Debug|x64 = Debug|x64
		Debug|x86 = Debug|x86
		Release|x64 = Release|x64
		Release|x86 = Release|x86
	EndGlobalSection
	GlobalSection(ProjectConfigurationPlatforms) = postSolution
		{842FD99B-19E7-4842-B377-CBC3BCD069BC}.Debug|x64.ActiveCfg = Debug|x64
		{842FD99B-19E7-4842-B377-CBC3BCD069BC}.Debug|x64.Build.0 = Debug|x64
		{842FD99B-19E7-4842-B377-CBC3BCD069BC}.Debug|x86.ActiveCfg = Debug|Win32
		{842FD99B-19E7-4842-B377-CBC3BCD069BC}.Debug|x86.Build.0 = Debug|Win32
		{842FD99B-19E7-4842-B377-CBC3BCD069BC}.Release|x64.ActiveCfg = Release|x64
		{842FD99B-19E7-4842-B377-CBC3BCD069BC}.Release|x64.Build.0 = Release|x64
		{842FD99B-19E7-4842-B377-CBC3BCD069BC}.Release|x86.ActiveCfg = Release|Win32
		{842FD99B-19E7-4842-B377-CBC3BCD069BC}.Release|x86.Build.0 = Release|Win32
	EndGlobalSection
	GlobalSection(SolutionProperties) = preSolution
		HideSolutionNode = FALSE
	EndGlobalSection
	GlobalSection(ExtensibilityGlobals) = postSolution
		SolutionGuid = {22017CEB-F4FD-4523-A03A-EE4FA6D4599A}
	EndGlobalSection
EndGlobal
